Microsoft Visual Studio Solution File, Format Version 12.00
# Visual Studio Version 17
VisualStudioVersion = 17.5.2.0
MinimumVisualStudioVersion = 10.0.40219.1
Project("{FAE04EC0-301F-11D3-BF4B-00C04F79EFBC}") = "Pr1.MinWebService", "Pr1.MinWebService.csproj", "{1B6CF58E-FA3F-D9F1-88DB-6CE1B6B6B1CD}"
EndProject
Global
	GlobalSection(SolutionConfigurationPlatforms) = preSolution
		Debug|Any CPU = Debug|Any CPU
		Release|Any CPU = Release|Any CPU
	EndGlobalSection
	GlobalSection(ProjectConfigurationPlatforms) = postSolution
		{1B6CF58E-FA3F-D9F1-88DB-6CE1B6B6B1CD}.Debug|Any CPU.ActiveCfg = Debug|Any CPU
		{1B6CF58E-FA3F-D9F1-88DB-6CE1B6B6B1CD}.Debug|Any CPU.Build.0 = Debug|Any CPU
		{1B6CF58E-FA3F-D9F1-88DB-6CE1B6B6B1CD}.Release|Any CPU.ActiveCfg = Release|Any CPU
		{1B6CF58E-FA3F-D9F1-88DB-6CE1B6B6B1CD}.Release|Any CPU.Build.0 = Release|Any CPU
	EndGlobalSection
	GlobalSection(SolutionProperties) = preSolution
		HideSolutionNode = FALSE
	EndGlobalSection
	GlobalSection(ExtensibilityGlobals) = postSolution
		SolutionGuid = {08EC06F4-EC84-40B2-9D41-356F19451123}
	EndGlobalSection
EndGlobal
